PODS:
  - GraphicsRenderer (1.0.0)
  - InkKit (4.0.0):
    - GraphicsRenderer

DEPENDENCIES:
  - InkKit (from `../`)

EXTERNAL SOURCES:
  InkKit:
    :path: "../"

SPEC CHECKSUMS:
  GraphicsRenderer: 24c313f90d5ccb41e54785f57fff5c9aff19ba20
  InkKit: f180af02b0caa0cdecec10c5ea371daebb1840de

PODFILE CHECKSUM: f6aca2612d5a9ec22602985383e420187e31c3a9

COCOAPODS: 1.2.1
