// !$*UTF8*$!
{
	archiveVersion = 1;
	classes = {
	};
	objectVersion = 46;
	objects = {

/* Begin PBXBuildFile section */
		47E62CE9948B94DE97E50D45 /* Pods.framework in Frameworks */ = {isa = PBXBuildFile; fileRef = E8A04BA1805B9CBF5E9E58F4 /* Pods.framework */; };
		54B30D7D1CE362DE00D16082 /* CanvasViewController.swift in Sources */ = {isa = PBXBuildFile; fileRef = 54B30D7C1CE362DE00D16082 /* CanvasViewController.swift */; };
		607FACD61AFB9204008FA782 /* AppDelegate.swift in Sources */ = {isa = PBXBuildFile; fileRef = 607FACD51AFB9204008FA782 /* AppDelegate.swift */; };
		607FACDB1AFB9204008FA782 /* Main.storyboard in Resources */ = {isa = PBXBuildFile; fileRef = 607FACD91AFB9204008FA782 /* Main.storyboard */; };
		607FACDD1AFB9204008FA782 /* Images.xcassets in Resources */ = {isa = PBXBuildFile; fileRef = 607FACDC1AFB9204008FA782 /* Images.xcassets */; };
		607FACE01AFB9204008FA782 /* LaunchScreen.xib in Resources */ = {isa = PBXBuildFile; fileRef = 607FACDE1AFB9204008FA782 /* LaunchScreen.xib */; };
/* End PBXBuildFile section */

/* Begin PBXFileReference section */
		02EC8BE9D5CD33C1109B8C53 /* Pods-InkExampleOSX.release.xcconfig */ = {isa = PBXFileReference; includeInIndex = 1; lastKnownFileType = text.xcconfig; name = "Pods-InkExampleOSX.release.xcconfig"; path = "Pods/Target Support Files/Pods-InkExampleOSX/Pods-InkExampleOSX.release.xcconfig"; sourceTree = "<group>"; };
		408E4BA3843BF5CD70DF846E /* Pods-InkExampleiOS.debug.xcconfig */ = {isa = PBXFileReference; includeInIndex = 1; lastKnownFileType = text.xcconfig; name = "Pods-InkExampleiOS.debug.xcconfig"; path = "Pods/Target Support Files/Pods-InkExampleiOS/Pods-InkExampleiOS.debug.xcconfig"; sourceTree = "<group>"; };
		49BEF14DB401300A5DC3DDD3 /* Pods-InkKit_Tests.debug.xcconfig */ = {isa = PBXFileReference; includeInIndex = 1; lastKnownFileType = text.xcconfig; name = "Pods-InkKit_Tests.debug.xcconfig"; path = "Pods/Target Support Files/Pods-InkKit_Tests/Pods-InkKit_Tests.debug.xcconfig"; sourceTree = "<group>"; };
		4DAC25750140556FEA79F2E1 /* Pods.debug.xcconfig */ = {isa = PBXFileReference; includeInIndex = 1; lastKnownFileType = text.xcconfig; name = Pods.debug.xcconfig; path = "Pods/Target Support Files/Pods/Pods.debug.xcconfig"; sourceTree = "<group>"; };
		541FFBBC1CB544D400967CB1 /* Drawing.swift */ = {isa = PBXFileReference; fileEncoding = 4; lastKnownFileType = sourcecode.swift; path = Drawing.swift; sourceTree = "<group>"; };
		541FFBBE1CB544E000967CB1 /* String+Drawing.swift */ = {isa = PBXFileReference; fileEncoding = 4; lastKnownFileType = sourcecode.swift; path = "String+Drawing.swift"; sourceTree = "<group>"; };
		541FFBC01CB5456800967CB1 /* Geometry.swift */ = {isa = PBXFileReference; fileEncoding = 4; lastKnownFileType = sourcecode.swift; path = Geometry.swift; sourceTree = "<group>"; };
		541FFBC21CB545CF00967CB1 /* Types.swift */ = {isa = PBXFileReference; fileEncoding = 4; lastKnownFileType = sourcecode.swift; path = Types.swift; sourceTree = "<group>"; };
		541FFBD71CB5491200967CB1 /* Primitives.swift */ = {isa = PBXFileReference; fileEncoding = 4; lastKnownFileType = sourcecode.swift; path = Primitives.swift; sourceTree = "<group>"; };
		5423D2251CE20095007220AB /* Shadows.swift */ = {isa = PBXFileReference; fileEncoding = 4; lastKnownFileType = sourcecode.swift; path = Shadows.swift; sourceTree = "<group>"; };
		5423D2271CE24B10007220AB /* Strokes.swift */ = {isa = PBXFileReference; fileEncoding = 4; lastKnownFileType = sourcecode.swift; path = Strokes.swift; sourceTree = "<group>"; };
		5423D2291CE24B16007220AB /* Fills.swift */ = {isa = PBXFileReference; fileEncoding = 4; lastKnownFileType = sourcecode.swift; path = Fills.swift; sourceTree = "<group>"; };
		5423D22B1CE24BA0007220AB /* Borders.swift */ = {isa = PBXFileReference; fileEncoding = 4; lastKnownFileType = sourcecode.swift; path = Borders.swift; sourceTree = "<group>"; };
		5428D6591CE5051B0082D815 /* InkKit.framework */ = {isa = PBXFileReference; lastKnownFileType = wrapper.framework; name = InkKit.framework; path = "../../../../../../../Developer/Xcode/DerivedData/InkKit-fbosphqlxmedrxgpczcgejmkgwbw/Build/Products/Debug-iphoneos/InkKit.framework"; sourceTree = "<group>"; };
		5428D68A1CE5D82A0082D815 /* Grid.swift */ = {isa = PBXFileReference; lastKnownFileType = sourcecode.swift; path = Grid.swift; sourceTree = "<group>"; };
		542DA6411CB6BB5600489192 /* Pods_InkExampleOSX.framework */ = {isa = PBXFileReference; lastKnownFileType = wrapper.framework; name = Pods_InkExampleOSX.framework; path = Pods/../build/Debug/Pods_InkExampleOSX.framework; sourceTree = "<group>"; };
		54B30D781CE2752A00D16082 /* Color+Extensions.swift */ = {isa = PBXFileReference; fileEncoding = 4; lastKnownFileType = sourcecode.swift; path = "Color+Extensions.swift"; sourceTree = "<group>"; };
		54B30D7C1CE362DE00D16082 /* CanvasViewController.swift */ = {isa = PBXFileReference; fileEncoding = 4; lastKnownFileType = sourcecode.swift; path = CanvasViewController.swift; sourceTree = "<group>"; };
		54C2D6901CB5724400C49A6E /* Image+Drawing.swift */ = {isa = PBXFileReference; fileEncoding = 4; lastKnownFileType = sourcecode.swift; path = "Image+Drawing.swift"; sourceTree = "<group>"; };
		54C2D6B81CB6B3FB00C49A6E /* BezierPath+Extensions.swift */ = {isa = PBXFileReference; fileEncoding = 4; lastKnownFileType = sourcecode.swift; path = "BezierPath+Extensions.swift"; sourceTree = "<group>"; };
		54C2D6BB1CB6B65200C49A6E /* InkKit.framework */ = {isa = PBXFileReference; lastKnownFileType = wrapper.framework; name = InkKit.framework; path = "Pods/../build/Debug-iphoneos/InkKit.framework"; sourceTree = "<group>"; };
		54C2D6BD1CB6B70100C49A6E /* InkKit.framework */ = {isa = PBXFileReference; lastKnownFileType = wrapper.framework; name = InkKit.framework; path = "Pods/../build/Debug-iphoneos/InkKit.framework"; sourceTree = "<group>"; };
		56A1942DB2F3D767B2F4E709 /* Pods-InkKit_Example.debug.xcconfig */ = {isa = PBXFileReference; includeInIndex = 1; lastKnownFileType = text.xcconfig; name = "Pods-InkKit_Example.debug.xcconfig"; path = "Pods/Target Support Files/Pods-InkKit_Example/Pods-InkKit_Example.debug.xcconfig"; sourceTree = "<group>"; };
		5B5F176F14E45D023ADB564A /* README.md */ = {isa = PBXFileReference; includeInIndex = 1; lastKnownFileType = net.daringfireball.markdown; name = README.md; path = ../README.md; sourceTree = "<group>"; };
		607FACD01AFB9204008FA782 /* InkExampleiOS.app */ = {isa = PBXFileReference; explicitFileType = wrapper.application; includeInIndex = 0; path = InkExampleiOS.app; sourceTree = BUILT_PRODUCTS_DIR; };
		607FACD41AFB9204008FA782 /* Info.plist */ = {isa = PBXFileReference; lastKnownFileType = text.plist.xml; path = Info.plist; sourceTree = "<group>"; };
		607FACD51AFB9204008FA782 /* AppDelegate.swift */ = {isa = PBXFileReference; lastKnownFileType = sourcecode.swift; path = AppDelegate.swift; sourceTree = "<group>"; };
		607FACDA1AFB9204008FA782 /* Base */ = {isa = PBXFileReference; lastKnownFileType = file.storyboard; name = Base; path = Base.lproj/Main.storyboard; sourceTree = "<group>"; };
		607FACDC1AFB9204008FA782 /* Images.xcassets */ = {isa = PBXFileReference; lastKnownFileType = folder.assetcatalog; path = Images.xcassets; sourceTree = "<group>"; };
		607FACDF1AFB9204008FA782 /* Base */ = {isa = PBXFileReference; lastKnownFileType = file.xib; name = Base; path = Base.lproj/LaunchScreen.xib; sourceTree = "<group>"; };
		61B331908E2AFCAF2F1C0977 /* Pods-InkExampleiOS.release.xcconfig */ = {isa = PBXFileReference; includeInIndex = 1; lastKnownFileType = text.xcconfig; name = "Pods-InkExampleiOS.release.xcconfig"; path = "Pods/Target Support Files/Pods-InkExampleiOS/Pods-InkExampleiOS.release.xcconfig"; sourceTree = "<group>"; };
		6878296401089BA6392A2B1B /* InkKit.podspec */ = {isa = PBXFileReference; explicitFileType = text.script.ruby; includeInIndex = 1; name = InkKit.podspec; path = ../InkKit.podspec; sourceTree = "<group>"; };
		779D9B1B7BD4E5982BA76874 /* Pods-InkExampleOSX.debug.xcconfig */ = {isa = PBXFileReference; includeInIndex = 1; lastKnownFileType = text.xcconfig; name = "Pods-InkExampleOSX.debug.xcconfig"; path = "Pods/Target Support Files/Pods-InkExampleOSX/Pods-InkExampleOSX.debug.xcconfig"; sourceTree = "<group>"; };
		7EF9FE2564F8A73F0C561B78 /* LICENSE */ = {isa = PBXFileReference; includeInIndex = 1; lastKnownFileType = text; name = LICENSE; path = ../LICENSE; sourceTree = "<group>"; };
		97B4D5496FCFC124F1627B9B /* Pods-InkKit_Tests.release.xcconfig */ = {isa = PBXFileReference; includeInIndex = 1; lastKnownFileType = text.xcconfig; name = "Pods-InkKit_Tests.release.xcconfig"; path = "Pods/Target Support Files/Pods-InkKit_Tests/Pods-InkKit_Tests.release.xcconfig"; sourceTree = "<group>"; };
		9F2E350D35F264E660487217 /* Pods.release.xcconfig */ = {isa = PBXFileReference; includeInIndex = 1; lastKnownFileType = text.xcconfig; name = Pods.release.xcconfig; path = "Pods/Target Support Files/Pods/Pods.release.xcconfig"; sourceTree = "<group>"; };
		ADDD27A47DFECFF62C886712 /* Pods_InkKit_Tests.framework */ = {isa = PBXFileReference; explicitFileType = wrapper.framework; includeInIndex = 0; path = Pods_InkKit_Tests.framework; sourceTree = BUILT_PRODUCTS_DIR; };
		B5B5A63ED2414ECF3DC35C82 /* Pods_InkExampleOSX.framework */ = {isa = PBXFileReference; explicitFileType = wrapper.framework; includeInIndex = 0; path = Pods_InkExampleOSX.framework; sourceTree = BUILT_PRODUCTS_DIR; };
		C47E0F6EA0EABB955B05293B /* Pods-InkKit_Example.release.xcconfig */ = {isa = PBXFileReference; includeInIndex = 1; lastKnownFileType = text.xcconfig; name = "Pods-InkKit_Example.release.xcconfig"; path = "Pods/Target Support Files/Pods-InkKit_Example/Pods-InkKit_Example.release.xcconfig"; sourceTree = "<group>"; };
		E8A04BA1805B9CBF5E9E58F4 /* Pods.framework */ = {isa = PBXFileReference; explicitFileType = wrapper.framework; includeInIndex = 0; path = Pods.framework; sourceTree = BUILT_PRODUCTS_DIR; };
		EA6EEBB017FB15E230D21C68 /* Pods_InkExampleiOS.framework */ = {isa = PBXFileReference; explicitFileType = wrapper.framework; includeInIndex = 0; path = Pods_InkExampleiOS.framework; sourceTree = BUILT_PRODUCTS_DIR; };
		ED7CECC0BB450D495A87F197 /* Pods_InkKit_Example.framework */ = {isa = PBXFileReference; explicitFileType = wrapper.framework; includeInIndex = 0; path = Pods_InkKit_Example.framework; sourceTree = BUILT_PRODUCTS_DIR; };
/* End PBXFileReference section */

/* Begin PBXFrameworksBuildPhase section */
		607FACCD1AFB9204008FA782 /* Frameworks */ = {
			isa = PBXFrameworksBuildPhase;
			buildActionMask = 2147483647;
			files = (
				47E62CE9948B94DE97E50D45 /* Pods.framework in Frameworks */,
			);
			runOnlyForDeploymentPostprocessing = 0;
		};
/* End PBXFrameworksBuildPhase section */

/* Begin PBXGroup section */
		541FFBAF1CB5327300967CB1 /* Classes */ = {
			isa = PBXGroup;
			children = (
				54C2D6B81CB6B3FB00C49A6E /* BezierPath+Extensions.swift */,
				5423D22B1CE24BA0007220AB /* Borders.swift */,
				54B30D781CE2752A00D16082 /* Color+Extensions.swift */,
				541FFBBC1CB544D400967CB1 /* Drawing.swift */,
				5423D2291CE24B16007220AB /* Fills.swift */,
				541FFBC01CB5456800967CB1 /* Geometry.swift */,
				5428D68A1CE5D82A0082D815 /* Grid.swift */,
				54C2D6901CB5724400C49A6E /* Image+Drawing.swift */,
				541FFBD71CB5491200967CB1 /* Primitives.swift */,
				5423D2251CE20095007220AB /* Shadows.swift */,
				541FFBBE1CB544E000967CB1 /* String+Drawing.swift */,
				5423D2271CE24B10007220AB /* Strokes.swift */,
				541FFBC21CB545CF00967CB1 /* Types.swift */,
			);
			name = Classes;
			path = ../Pod/Classes;
			sourceTree = "<group>";
		};
		607FACC71AFB9204008FA782 = {
			isa = PBXGroup;
			children = (
				541FFBAF1CB5327300967CB1 /* Classes */,
				607FACD21AFB9204008FA782 /* Example for iOS */,
				607FACF51AFB993E008FA782 /* Podspec Metadata */,
				607FACD11AFB9204008FA782 /* Products */,
				FDCF68B3C76C06A3F9F5D620 /* Pods */,
				685B3B1F14216EB9BBE7F9A7 /* Frameworks */,
			);
			sourceTree = "<group>";
		};
		607FACD11AFB9204008FA782 /* Products */ = {
			isa = PBXGroup;
			children = (
				607FACD01AFB9204008FA782 /* InkExampleiOS.app */,
			);
			name = Products;
			sourceTree = "<group>";
		};
		607FACD21AFB9204008FA782 /* Example for iOS */ = {
			isa = PBXGroup;
			children = (
				607FACD51AFB9204008FA782 /* AppDelegate.swift */,
				54B30D7C1CE362DE00D16082 /* CanvasViewController.swift */,
				607FACD91AFB9204008FA782 /* Main.storyboard */,
				607FACDC1AFB9204008FA782 /* Images.xcassets */,
				607FACDE1AFB9204008FA782 /* LaunchScreen.xib */,
				607FACD31AFB9204008FA782 /* Supporting Files */,
			);
			name = "Example for iOS";
			path = InkKit;
			sourceTree = "<group>";
		};
		607FACD31AFB9204008FA782 /* Supporting Files */ = {
			isa = PBXGroup;
			children = (
				607FACD41AFB9204008FA782 /* Info.plist */,
			);
			name = "Supporting Files";
			sourceTree = "<group>";
		};
		607FACF51AFB993E008FA782 /* Podspec Metadata */ = {
			isa = PBXGroup;
			children = (
				6878296401089BA6392A2B1B /* InkKit.podspec */,
				7EF9FE2564F8A73F0C561B78 /* LICENSE */,
				5B5F176F14E45D023ADB564A /* README.md */,
			);
			name = "Podspec Metadata";
			sourceTree = "<group>";
		};
		685B3B1F14216EB9BBE7F9A7 /* Frameworks */ = {
			isa = PBXGroup;
			children = (
				5428D6591CE5051B0082D815 /* InkKit.framework */,
				542DA6411CB6BB5600489192 /* Pods_InkExampleOSX.framework */,
				54C2D6BD1CB6B70100C49A6E /* InkKit.framework */,
				54C2D6BB1CB6B65200C49A6E /* InkKit.framework */,
				ED7CECC0BB450D495A87F197 /* Pods_InkKit_Example.framework */,
				ADDD27A47DFECFF62C886712 /* Pods_InkKit_Tests.framework */,
				E8A04BA1805B9CBF5E9E58F4 /* Pods.framework */,
				B5B5A63ED2414ECF3DC35C82 /* Pods_InkExampleOSX.framework */,
				EA6EEBB017FB15E230D21C68 /* Pods_InkExampleiOS.framework */,
			);
			name = Frameworks;
			sourceTree = "<group>";
		};
		FDCF68B3C76C06A3F9F5D620 /* Pods */ = {
			isa = PBXGroup;
			children = (
				56A1942DB2F3D767B2F4E709 /* Pods-InkKit_Example.debug.xcconfig */,
				C47E0F6EA0EABB955B05293B /* Pods-InkKit_Example.release.xcconfig */,
				49BEF14DB401300A5DC3DDD3 /* Pods-InkKit_Tests.debug.xcconfig */,
				97B4D5496FCFC124F1627B9B /* Pods-InkKit_Tests.release.xcconfig */,
				4DAC25750140556FEA79F2E1 /* Pods.debug.xcconfig */,
				9F2E350D35F264E660487217 /* Pods.release.xcconfig */,
				779D9B1B7BD4E5982BA76874 /* Pods-InkExampleOSX.debug.xcconfig */,
				02EC8BE9D5CD33C1109B8C53 /* Pods-InkExampleOSX.release.xcconfig */,
				408E4BA3843BF5CD70DF846E /* Pods-InkExampleiOS.debug.xcconfig */,
				61B331908E2AFCAF2F1C0977 /* Pods-InkExampleiOS.release.xcconfig */,
			);
			name = Pods;
			sourceTree = "<group>";
		};
/* End PBXGroup section */

/* Begin PBXNativeTarget section */
		607FACCF1AFB9204008FA782 /* InkExampleiOS */ = {
			isa = PBXNativeTarget;
			buildConfigurationList = 607FACEF1AFB9204008FA782 /* Build configuration list for PBXNativeTarget "InkExampleiOS" */;
			buildPhases = (
				769AE7C33F5D32338F485A26 /* Check Pods Manifest.lock */,
				607FACCC1AFB9204008FA782 /* Sources */,
				607FACCD1AFB9204008FA782 /* Frameworks */,
				607FACCE1AFB9204008FA782 /* Resources */,
				FA1AB405A49C24BD1A2250B4 /* Embed Pods Frameworks */,
				EAFB33D27AE7B18499BDE521 /* Copy Pods Resources */,
			);
			buildRules = (
			);
			dependencies = (
			);
			name = InkExampleiOS;
			productName = InkKit;
			productReference = 607FACD01AFB9204008FA782 /* InkExampleiOS.app */;
			productType = "com.apple.product-type.application";
		};
/* End PBXNativeTarget section */

/* Begin PBXProject section */
		607FACC81AFB9204008FA782 /* Project object */ = {
			isa = PBXProject;
			attributes = {
				LastSwiftUpdateCheck = 0730;
				LastUpgradeCheck = 0800;
				ORGANIZATIONNAME = CocoaPods;
				TargetAttributes = {
					607FACCF1AFB9204008FA782 = {
						CreatedOnToolsVersion = 6.3.1;
						DevelopmentTeam = V2CWYL9AN8;
						DevelopmentTeamName = "Shahpour Mohsenin";
						LastSwiftMigration = 0800;
					};
				};
			};
			buildConfigurationList = 607FACCB1AFB9204008FA782 /* Build configuration list for PBXProject "InkKit" */;
			compatibilityVersion = "Xcode 3.2";
			developmentRegion = English;
			hasScannedForEncodings = 0;
			knownRegions = (
				en,
				Base,
			);
			mainGroup = 607FACC71AFB9204008FA782;
			productRefGroup = 607FACD11AFB9204008FA782 /* Products */;
			projectDirPath = "";
			projectRoot = "";
			targets = (
				607FACCF1AFB9204008FA782 /* InkExampleiOS */,
			);
		};
/* End PBXProject section */

/* Begin PBXResourcesBuildPhase section */
		607FACCE1AFB9204008FA782 /* Resources */ = {
			isa = PBXResourcesBuildPhase;
			buildActionMask = 2147483647;
			files = (
				607FACDB1AFB9204008FA782 /* Main.storyboard in Resources */,
				607FACE01AFB9204008FA782 /* LaunchScreen.xib in Resources */,
				607FACDD1AFB9204008FA782 /* Images.xcassets in Resources */,
			);
			runOnlyForDeploymentPostprocessing = 0;
		};
/* End PBXResourcesBuildPhase section */

/* Begin PBXShellScriptBuildPhase section */
		769AE7C33F5D32338F485A26 /* Check Pods Manifest.lock */ = {
			isa = PBXShellScriptBuildPhase;
			buildActionMask = 2147483647;
			files = (
			);
			inputPaths = (
			);
			name = "Check Pods Manifest.lock";
			outputPaths = (
			);
			runOnlyForDeploymentPostprocessing = 0;
			shellPath = /bin/sh;
			shellScript = "diff \"${PODS_ROOT}/../Podfile.lock\" \"${PODS_ROOT}/Manifest.lock\" > /dev/null\nif [[ $? != 0 ]] ; then\n    cat << EOM\nerror: The sandbox is not in sync with the Podfile.lock. Run 'pod install' or update your CocoaPods installation.\nEOM\n    exit 1\nfi\n";
			showEnvVarsInLog = 0;
		};
		EAFB33D27AE7B18499BDE521 /* Copy Pods Resources */ = {
			isa = PBXShellScriptBuildPhase;
			buildActionMask = 2147483647;
			files = (
			);
			inputPaths = (
			);
			name = "Copy Pods Resources";
			outputPaths = (
			);
			runOnlyForDeploymentPostprocessing = 0;
			shellPath = /bin/sh;
			shellScript = "\"${SRCROOT}/Pods/Target Support Files/Pods/Pods-resources.sh\"\n";
			showEnvVarsInLog = 0;
		};
		FA1AB405A49C24BD1A2250B4 /* Embed Pods Frameworks */ = {
			isa = PBXShellScriptBuildPhase;
			buildActionMask = 2147483647;
			files = (
			);
			inputPaths = (
			);
			name = "Embed Pods Frameworks";
			outputPaths = (
			);
			runOnlyForDeploymentPostprocessing = 0;
			shellPath = /bin/sh;
			shellScript = "\"${SRCROOT}/Pods/Target Support Files/Pods/Pods-frameworks.sh\"\n";
			showEnvVarsInLog = 0;
		};
/* End PBXShellScriptBuildPhase section */

/* Begin PBXSourcesBuildPhase section */
		607FACCC1AFB9204008FA782 /* Sources */ = {
			isa = PBXSourcesBuildPhase;
			buildActionMask = 2147483647;
			files = (
				607FACD61AFB9204008FA782 /* AppDelegate.swift in Sources */,
				54B30D7D1CE362DE00D16082 /* CanvasViewController.swift in Sources */,
			);
			runOnlyForDeploymentPostprocessing = 0;
		};
/* End PBXSourcesBuildPhase section */

/* Begin PBXVariantGroup section */
		607FACD91AFB9204008FA782 /* Main.storyboard */ = {
			isa = PBXVariantGroup;
			children = (
				607FACDA1AFB9204008FA782 /* Base */,
			);
			name = Main.storyboard;
			sourceTree = "<group>";
		};
		607FACDE1AFB9204008FA782 /* LaunchScreen.xib */ = {
			isa = PBXVariantGroup;
			children = (
				607FACDF1AFB9204008FA782 /* Base */,
			);
			name = LaunchScreen.xib;
			sourceTree = "<group>";
		};
/* End PBXVariantGroup section */

/* Begin XCBuildConfiguration section */
		607FACED1AFB9204008FA782 /* Debug */ = {
			isa = XCBuildConfiguration;
			buildSettings = {
				ALWAYS_SEARCH_USER_PATHS = NO;
				CLANG_CXX_LANGUAGE_STANDARD = "gnu++0x";
				CLANG_CXX_LIBRARY = "libc++";
				CLANG_ENABLE_MODULES = YES;
				CLANG_ENABLE_OBJC_ARC = YES;
				CLANG_WARN_BOOL_CONVERSION = YES;
				CLANG_WARN_CONSTANT_CONVERSION = YES;
				CLANG_WARN_DIRECT_OBJC_ISA_USAGE = YES_ERROR;
				CLANG_WARN_EMPTY_BODY = YES;
				CLANG_WARN_ENUM_CONVERSION = YES;
				CLANG_WARN_INT_CONVERSION = YES;
				CLANG_WARN_OBJC_ROOT_CLASS = YES_ERROR;
				CLANG_WARN_UNREACHABLE_CODE = YES;
				CLANG_WARN__DUPLICATE_METHOD_MATCH = YES;
				"CODE_SIGN_IDENTITY[sdk=iphoneos*]" = "iPhone Developer";
				COPY_PHASE_STRIP = NO;
				DEBUG_INFORMATION_FORMAT = "dwarf-with-dsym";
				ENABLE_STRICT_OBJC_MSGSEND = YES;
				ENABLE_TESTABILITY = YES;
				GCC_C_LANGUAGE_STANDARD = gnu99;
				GCC_DYNAMIC_NO_PIC = NO;
				GCC_NO_COMMON_BLOCKS = YES;
				GCC_OPTIMIZATION_LEVEL = 0;
				GCC_PREPROCESSOR_DEFINITIONS = (
					"DEBUG=1",
					"$(inherited)",
				);
				GCC_SYMBOLS_PRIVATE_EXTERN = NO;
				GCC_WARN_64_TO_32_BIT_CONVERSION = YES;
				GCC_WARN_ABOUT_RETURN_TYPE = YES_ERROR;
				GCC_WARN_UNDECLARED_SELECTOR = YES;
				GCC_WARN_UNINITIALIZED_AUTOS = YES_AGGRESSIVE;
				GCC_WARN_UNUSED_FUNCTION = YES;
				GCC_WARN_UNUSED_VARIABLE = YES;
				IPHONEOS_DEPLOYMENT_TARGET = 8.0;
				MTL_ENABLE_DEBUG_INFO = YES;
				ONLY_ACTIVE_ARCH = YES;
				SDKROOT = iphoneos;
				SWIFT_OPTIMIZATION_LEVEL = "-Onone";
			};
			name = Debug;
		};
		607FACEE1AFB9204008FA782 /* Release */ = {
			isa = XCBuildConfiguration;
			buildSettings = {
				ALWAYS_SEARCH_USER_PATHS = NO;
				CLANG_CXX_LANGUAGE_STANDARD = "gnu++0x";
				CLANG_CXX_LIBRARY = "libc++";
				CLANG_ENABLE_MODULES = YES;
				CLANG_ENABLE_OBJC_ARC = YES;
				CLANG_WARN_BOOL_CONVERSION = YES;
				CLANG_WARN_CONSTANT_CONVERSION = YES;
				CLANG_WARN_DIRECT_OBJC_ISA_USAGE = YES_ERROR;
				CLANG_WARN_EMPTY_BODY = YES;
				CLANG_WARN_ENUM_CONVERSION = YES;
				CLANG_WARN_INT_CONVERSION = YES;
				CLANG_WARN_OBJC_ROOT_CLASS = YES_ERROR;
				CLANG_WARN_UNREACHABLE_CODE = YES;
				CLANG_WARN__DUPLICATE_METHOD_MATCH = YES;
				"CODE_SIGN_IDENTITY[sdk=iphoneos*]" = "iPhone Developer";
				COPY_PHASE_STRIP = NO;
				DEBUG_INFORMATION_FORMAT = "dwarf-with-dsym";
				ENABLE_NS_ASSERTIONS = NO;
				ENABLE_STRICT_OBJC_MSGSEND = YES;
				GCC_C_LANGUAGE_STANDARD = gnu99;
				GCC_NO_COMMON_BLOCKS = YES;
				GCC_WARN_64_TO_32_BIT_CONVERSION = YES;
				GCC_WARN_ABOUT_RETURN_TYPE = YES_ERROR;
				GCC_WARN_UNDECLARED_SELECTOR = YES;
				GCC_WARN_UNINITIALIZED_AUTOS = YES_AGGRESSIVE;
				GCC_WARN_UNUSED_FUNCTION = YES;
				GCC_WARN_UNUSED_VARIABLE = YES;
				IPHONEOS_DEPLOYMENT_TARGET = 8.0;
				MTL_ENABLE_DEBUG_INFO = NO;
				SDKROOT = iphoneos;
				VALIDATE_PRODUCT = YES;
			};
			name = Release;
		};
		607FACF01AFB9204008FA782 /* Debug */ = {
			isa = XCBuildConfiguration;
			baseConfigurationReference = 4DAC25750140556FEA79F2E1 /* Pods.debug.xcconfig */;
			buildSettings = {
				ALWAYS_EMBED_SWIFT_STANDARD_LIBRARIES = YES;
				ASSETCATALOG_COMPILER_APPICON_NAME = AppIcon;
				INFOPLIST_FILE = InkKit/Info.plist;
				LD_RUNPATH_SEARCH_PATHS = "$(inherited) @executable_path/Frameworks";
				MODULE_NAME = ExampleApp;
				PRODUCT_BUNDLE_IDENTIFIER = "uk.co.snippex.ios.$(PRODUCT_NAME:rfc1034identifier).demo";
				PRODUCT_NAME = "$(TARGET_NAME)";
				SWIFT_VERSION = 3.0;
			};
			name = Debug;
		};
		607FACF11AFB9204008FA782 /* Release */ = {
			isa = XCBuildConfiguration;
			baseConfigurationReference = 9F2E350D35F264E660487217 /* Pods.release.xcconfig */;
			buildSettings = {
				ALWAYS_EMBED_SWIFT_STANDARD_LIBRARIES = YES;
				ASSETCATALOG_COMPILER_APPICON_NAME = AppIcon;
				INFOPLIST_FILE = InkKit/Info.plist;
				LD_RUNPATH_SEARCH_PATHS = "$(inherited) @executable_path/Frameworks";
				MODULE_NAME = ExampleApp;
				PRODUCT_BUNDLE_IDENTIFIER = "uk.co.snippex.ios.$(PRODUCT_NAME:rfc1034identifier).demo";
				PRODUCT_NAME = "$(TARGET_NAME)";
				SWIFT_OPTIMIZATION_LEVEL = "-Owholemodule";
				SWIFT_VERSION = 3.0;
			};
			name = Release;
		};
/* End XCBuildConfiguration section */

/* Begin XCConfigurationList section */
		607FACCB1AFB9204008FA782 /* Build configuration list for PBXProject "InkKit" */ = {
			isa = XCConfigurationList;
			buildConfigurations = (
				607FACED1AFB9204008FA782 /* Debug */,
				607FACEE1AFB9204008FA782 /* Release */,
			);
			defaultConfigurationIsVisible = 0;
			defaultConfigurationName = Release;
		};
		607FACEF1AFB9204008FA782 /* Build configuration list for PBXNativeTarget "InkExampleiOS" */ = {
			isa = XCConfigurationList;
			buildConfigurations = (
				607FACF01AFB9204008FA782 /* Debug */,
				607FACF11AFB9204008FA782 /* Release */,
			);
			defaultConfigurationIsVisible = 0;
			defaultConfigurationName = Release;
		};
/* End XCConfigurationList section */
	};
	rootObject = 607FACC81AFB9204008FA782 /* Project object */;
}
