// !$*UTF8*$!
{
	archiveVersion = 1;
	classes = {
	};
	objectVersion = 46;
	objects = {

/* Begin PBXBuildFile section */
		545937181D9E9BC200644DCE /* AppDelegate.swift in Sources */ = {isa = PBXBuildFile; fileRef = 545937171D9E9BC200644DCE /* AppDelegate.swift */; };
		5459371A1D9E9BC200644DCE /* ViewController.swift in Sources */ = {isa = PBXBuildFile; fileRef = 545937191D9E9BC200644DCE /* ViewController.swift */; };
		5459371C1D9E9BC200644DCE /* Assets.xcassets in Resources */ = {isa = PBXBuildFile; fileRef = 5459371B1D9E9BC200644DCE /* Assets.xcassets */; };
		5459371F1D9E9BC200644DCE /* Main.storyboard in Resources */ = {isa = PBXBuildFile; fileRef = 5459371D1D9E9BC200644DCE /* Main.storyboard */; };
		545937271D9EBCBB00644DCE /* GraphicsRenderer.swift in Sources */ = {isa = PBXBuildFile; fileRef = 545937261D9EBCBB00644DCE /* GraphicsRenderer.swift */; };
		54B30D7D1CE362DE00D16082 /* CanvasViewController.swift in Sources */ = {isa = PBXBuildFile; fileRef = 54B30D7C1CE362DE00D16082 /* CanvasViewController.swift */; };
		54D95B8C1D7480F8005AA315 /* Math.swift in Sources */ = {isa = PBXBuildFile; fileRef = 54D95B8B1D7480F8005AA315 /* Math.swift */; };
		607FACD61AFB9204008FA782 /* AppDelegate.swift in Sources */ = {isa = PBXBuildFile; fileRef = 607FACD51AFB9204008FA782 /* AppDelegate.swift */; };
		607FACDB1AFB9204008FA782 /* Main.storyboard in Resources */ = {isa = PBXBuildFile; fileRef = 607FACD91AFB9204008FA782 /* Main.storyboard */; };
		607FACDD1AFB9204008FA782 /* Images.xcassets in Resources */ = {isa = PBXBuildFile; fileRef = 607FACDC1AFB9204008FA782 /* Images.xcassets */; };
		607FACE01AFB9204008FA782 /* LaunchScreen.xib in Resources */ = {isa = PBXBuildFile; fileRef = 607FACDE1AFB9204008FA782 /* LaunchScreen.xib */; };
		A6751CE388E845B27C17F95F /* Pods_InkExampleOSX.framework in Frameworks */ = {isa = PBXBuildFile; fileRef = 42F0C75FAFAEF15CE7032002 /* Pods_InkExampleOSX.framework */; };
		B7464669514B4130012A00CC /* Pods_InkExampleiOS.framework in Frameworks */ = {isa = PBXBuildFile; fileRef = 454BB7743FB5CB1A9AD2D336 /* Pods_InkExampleiOS.framework */; };
/* End PBXBuildFile section */

/* Begin PBXFileReference section */
		0AB89947FBA728A182503111 /* Pods-InkExampleOSX.debug.xcconfig */ = {isa = PBXFileReference; includeInIndex = 1; lastKnownFileType = text.xcconfig; name = "Pods-InkExampleOSX.debug.xcconfig"; path = "Pods/Target Support Files/Pods-InkExampleOSX/Pods-InkExampleOSX.debug.xcconfig"; sourceTree = "<group>"; };
		42F0C75FAFAEF15CE7032002 /* Pods_InkExampleOSX.framework */ = {isa = PBXFileReference; explicitFileType = wrapper.framework; includeInIndex = 0; path = Pods_InkExampleOSX.framework; sourceTree = BUILT_PRODUCTS_DIR; };
		454BB7743FB5CB1A9AD2D336 /* Pods_InkExampleiOS.framework */ = {isa = PBXFileReference; explicitFileType = wrapper.framework; includeInIndex = 0; path = Pods_InkExampleiOS.framework; sourceTree = BUILT_PRODUCTS_DIR; };
		541FFBBC1CB544D400967CB1 /* Drawing.swift */ = {isa = PBXFileReference; fileEncoding = 4; lastKnownFileType = sourcecode.swift; path = Drawing.swift; sourceTree = "<group>"; };
		541FFBBE1CB544E000967CB1 /* String+Drawing.swift */ = {isa = PBXFileReference; fileEncoding = 4; lastKnownFileType = sourcecode.swift; path = "String+Drawing.swift"; sourceTree = "<group>"; };
		541FFBC01CB5456800967CB1 /* Geometry.swift */ = {isa = PBXFileReference; fileEncoding = 4; lastKnownFileType = sourcecode.swift; path = Geometry.swift; sourceTree = "<group>"; };
		541FFBC21CB545CF00967CB1 /* Types.swift */ = {isa = PBXFileReference; fileEncoding = 4; lastKnownFileType = sourcecode.swift; path = Types.swift; sourceTree = "<group>"; };
		541FFBD71CB5491200967CB1 /* Primitives.swift */ = {isa = PBXFileReference; fileEncoding = 4; lastKnownFileType = sourcecode.swift; path = Primitives.swift; sourceTree = "<group>"; };
		5423D2251CE20095007220AB /* Shadows.swift */ = {isa = PBXFileReference; fileEncoding = 4; lastKnownFileType = sourcecode.swift; path = Shadows.swift; sourceTree = "<group>"; };
		5423D2271CE24B10007220AB /* Strokes.swift */ = {isa = PBXFileReference; fileEncoding = 4; lastKnownFileType = sourcecode.swift; path = Strokes.swift; sourceTree = "<group>"; };
		5423D2291CE24B16007220AB /* Fills.swift */ = {isa = PBXFileReference; fileEncoding = 4; lastKnownFileType = sourcecode.swift; path = Fills.swift; sourceTree = "<group>"; };
		5423D22B1CE24BA0007220AB /* Borders.swift */ = {isa = PBXFileReference; fileEncoding = 4; lastKnownFileType = sourcecode.swift; path = Borders.swift; sourceTree = "<group>"; };
		5428D6591CE5051B0082D815 /* InkKit.framework */ = {isa = PBXFileReference; lastKnownFileType = wrapper.framework; name = InkKit.framework; path = "../../../../../../../Developer/Xcode/DerivedData/InkKit-fbosphqlxmedrxgpczcgejmkgwbw/Build/Products/Debug-iphoneos/InkKit.framework"; sourceTree = "<group>"; };
		5428D68A1CE5D82A0082D815 /* Grid.swift */ = {isa = PBXFileReference; lastKnownFileType = sourcecode.swift; path = Grid.swift; sourceTree = "<group>"; };
		5459370D1D9E790B00644DCE /* Color.swift */ = {isa = PBXFileReference; fileEncoding = 4; lastKnownFileType = sourcecode.swift; path = Color.swift; sourceTree = "<group>"; };
		545937151D9E9BC200644DCE /* InkExampleOSX.app */ = {isa = PBXFileReference; explicitFileType = wrapper.application; includeInIndex = 0; path = InkExampleOSX.app; sourceTree = BUILT_PRODUCTS_DIR; };
		545937171D9E9BC200644DCE /* AppDelegate.swift */ = {isa = PBXFileReference; lastKnownFileType = sourcecode.swift; path = AppDelegate.swift; sourceTree = "<group>"; };
		545937191D9E9BC200644DCE /* ViewController.swift */ = {isa = PBXFileReference; lastKnownFileType = sourcecode.swift; path = ViewController.swift; sourceTree = "<group>"; };
		5459371B1D9E9BC200644DCE /* Assets.xcassets */ = {isa = PBXFileReference; lastKnownFileType = folder.assetcatalog; path = Assets.xcassets; sourceTree = "<group>"; };
		5459371E1D9E9BC200644DCE /* Base */ = {isa = PBXFileReference; lastKnownFileType = file.storyboard; name = Base; path = Base.lproj/Main.storyboard; sourceTree = "<group>"; };
		545937201D9E9BC200644DCE /* Info.plist */ = {isa = PBXFileReference; lastKnownFileType = text.plist.xml; path = Info.plist; sourceTree = "<group>"; };
		545937261D9EBCBB00644DCE /* GraphicsRenderer.swift */ = {isa = PBXFileReference; fileEncoding = 4; lastKnownFileType = sourcecode.swift; path = GraphicsRenderer.swift; sourceTree = "<group>"; };
		54B30D7C1CE362DE00D16082 /* CanvasViewController.swift */ = {isa = PBXFileReference; fileEncoding = 4; lastKnownFileType = sourcecode.swift; path = CanvasViewController.swift; sourceTree = "<group>"; };
		54C2D6901CB5724400C49A6E /* Image+Drawing.swift */ = {isa = PBXFileReference; fileEncoding = 4; lastKnownFileType = sourcecode.swift; path = "Image+Drawing.swift"; sourceTree = "<group>"; };
		54C2D6B81CB6B3FB00C49A6E /* BezierPath+MacOS.swift */ = {isa = PBXFileReference; fileEncoding = 4; lastKnownFileType = sourcecode.swift; path = "BezierPath+MacOS.swift"; sourceTree = "<group>"; };
		54C2D6BB1CB6B65200C49A6E /* InkKit.framework */ = {isa = PBXFileReference; lastKnownFileType = wrapper.framework; name = InkKit.framework; path = "Pods/../build/Debug-iphoneos/InkKit.framework"; sourceTree = "<group>"; };
		54C2D6BD1CB6B70100C49A6E /* InkKit.framework */ = {isa = PBXFileReference; lastKnownFileType = wrapper.framework; name = InkKit.framework; path = "Pods/../build/Debug-iphoneos/InkKit.framework"; sourceTree = "<group>"; };
		54D95B891D74806C005AA315 /* Transforms+Extensions.swift */ = {isa = PBXFileReference; fileEncoding = 4; lastKnownFileType = sourcecode.swift; path = "Transforms+Extensions.swift"; sourceTree = "<group>"; };
		54D95B8B1D7480F8005AA315 /* Math.swift */ = {isa = PBXFileReference; fileEncoding = 4; lastKnownFileType = sourcecode.swift; path = Math.swift; sourceTree = "<group>"; };
		54D95B8D1D74842E005AA315 /* BezierPath+Corners.swift */ = {isa = PBXFileReference; lastKnownFileType = sourcecode.swift; path = "BezierPath+Corners.swift"; sourceTree = "<group>"; };
		5B5F176F14E45D023ADB564A /* README.md */ = {isa = PBXFileReference; includeInIndex = 1; lastKnownFileType = net.daringfireball.markdown; name = README.md; path = ../README.md; sourceTree = "<group>"; };
		607FACD01AFB9204008FA782 /* InkExampleiOS.app */ = {isa = PBXFileReference; explicitFileType = wrapper.application; includeInIndex = 0; path = InkExampleiOS.app; sourceTree = BUILT_PRODUCTS_DIR; };
		607FACD41AFB9204008FA782 /* Info.plist */ = {isa = PBXFileReference; lastKnownFileType = text.plist.xml; path = Info.plist; sourceTree = "<group>"; };
		607FACD51AFB9204008FA782 /* AppDelegate.swift */ = {isa = PBXFileReference; lastKnownFileType = sourcecode.swift; path = AppDelegate.swift; sourceTree = "<group>"; };
		607FACDA1AFB9204008FA782 /* Base */ = {isa = PBXFileReference; lastKnownFileType = file.storyboard; name = Base; path = Base.lproj/Main.storyboard; sourceTree = "<group>"; };
		607FACDC1AFB9204008FA782 /* Images.xcassets */ = {isa = PBXFileReference; lastKnownFileType = folder.assetcatalog; path = Images.xcassets; sourceTree = "<group>"; };
		607FACDF1AFB9204008FA782 /* Base */ = {isa = PBXFileReference; lastKnownFileType = file.xib; name = Base; path = Base.lproj/LaunchScreen.xib; sourceTree = "<group>"; };
		60A160AD0BBBFDB36D082F7B /* Pods-InkExampleiOS.debug.xcconfig */ = {isa = PBXFileReference; includeInIndex = 1; lastKnownFileType = text.xcconfig; name = "Pods-InkExampleiOS.debug.xcconfig"; path = "Pods/Target Support Files/Pods-InkExampleiOS/Pods-InkExampleiOS.debug.xcconfig"; sourceTree = "<group>"; };
		6878296401089BA6392A2B1B /* InkKit.podspec */ = {isa = PBXFileReference; explicitFileType = text.script.ruby; includeInIndex = 1; name = InkKit.podspec; path = ../InkKit.podspec; sourceTree = "<group>"; };
		7EF9FE2564F8A73F0C561B78 /* LICENSE */ = {isa = PBXFileReference; includeInIndex = 1; lastKnownFileType = text; name = LICENSE; path = ../LICENSE; sourceTree = "<group>"; };
		E8A04BA1805B9CBF5E9E58F4 /* Pods.framework */ = {isa = PBXFileReference; explicitFileType = wrapper.framework; includeInIndex = 0; path = Pods.framework; sourceTree = BUILT_PRODUCTS_DIR; };
		E8A46ABB7924EB947AB73797 /* Pods-InkExampleiOS.release.xcconfig */ = {isa = PBXFileReference; includeInIndex = 1; lastKnownFileType = text.xcconfig; name = "Pods-InkExampleiOS.release.xcconfig"; path = "Pods/Target Support Files/Pods-InkExampleiOS/Pods-InkExampleiOS.release.xcconfig"; sourceTree = "<group>"; };
		F2449DD6026240D4F69EC9B1 /* Pods-InkExampleOSX.release.xcconfig */ = {isa = PBXFileReference; includeInIndex = 1; lastKnownFileType = text.xcconfig; name = "Pods-InkExampleOSX.release.xcconfig"; path = "Pods/Target Support Files/Pods-InkExampleOSX/Pods-InkExampleOSX.release.xcconfig"; sourceTree = "<group>"; };
/* End PBXFileReference section */

/* Begin PBXFrameworksBuildPhase section */
		545937121D9E9BC200644DCE /* Frameworks */ = {
			isa = PBXFrameworksBuildPhase;
			buildActionMask = 2147483647;
			files = (
				A6751CE388E845B27C17F95F /* Pods_InkExampleOSX.framework in Frameworks */,
			);
			runOnlyForDeploymentPostprocessing = 0;
		};
		607FACCD1AFB9204008FA782 /* Frameworks */ = {
			isa = PBXFrameworksBuildPhase;
			buildActionMask = 2147483647;
			files = (
				B7464669514B4130012A00CC /* Pods_InkExampleiOS.framework in Frameworks */,
			);
			runOnlyForDeploymentPostprocessing = 0;
		};
/* End PBXFrameworksBuildPhase section */

/* Begin PBXGroup section */
		541FFBAF1CB5327300967CB1 /* Classes */ = {
			isa = PBXGroup;
			children = (
				54C2D6B81CB6B3FB00C49A6E /* BezierPath+MacOS.swift */,
				54D95B8D1D74842E005AA315 /* BezierPath+Corners.swift */,
				5423D22B1CE24BA0007220AB /* Borders.swift */,
				5459370D1D9E790B00644DCE /* Color.swift */,
				541FFBBC1CB544D400967CB1 /* Drawing.swift */,
				5423D2291CE24B16007220AB /* Fills.swift */,
				541FFBC01CB5456800967CB1 /* Geometry.swift */,
				5428D68A1CE5D82A0082D815 /* Grid.swift */,
				54C2D6901CB5724400C49A6E /* Image+Drawing.swift */,
				541FFBD71CB5491200967CB1 /* Primitives.swift */,
				5423D2251CE20095007220AB /* Shadows.swift */,
				541FFBBE1CB544E000967CB1 /* String+Drawing.swift */,
				5423D2271CE24B10007220AB /* Strokes.swift */,
				541FFBC21CB545CF00967CB1 /* Types.swift */,
				54D95B891D74806C005AA315 /* Transforms+Extensions.swift */,
				54D95B8B1D7480F8005AA315 /* Math.swift */,
			);
			name = Classes;
			path = ../Pod/Classes;
			sourceTree = "<group>";
		};
		545937161D9E9BC200644DCE /* InkExampleOSX */ = {
			isa = PBXGroup;
			children = (
				545937171D9E9BC200644DCE /* AppDelegate.swift */,
				545937191D9E9BC200644DCE /* ViewController.swift */,
				5459371B1D9E9BC200644DCE /* Assets.xcassets */,
				5459371D1D9E9BC200644DCE /* Main.storyboard */,
				545937201D9E9BC200644DCE /* Info.plist */,
			);
			path = InkExampleOSX;
			sourceTree = "<group>";
		};
		607FACC71AFB9204008FA782 = {
			isa = PBXGroup;
			children = (
				541FFBAF1CB5327300967CB1 /* Classes */,
				607FACD21AFB9204008FA782 /* Example for iOS */,
				607FACF51AFB993E008FA782 /* Podspec Metadata */,
				545937161D9E9BC200644DCE /* InkExampleOSX */,
				607FACD11AFB9204008FA782 /* Products */,
				685B3B1F14216EB9BBE7F9A7 /* Frameworks */,
				79C771C89FD85D5A0B58EC47 /* Pods */,
			);
			indentWidth = 2;
			sourceTree = "<group>";
			tabWidth = 2;
		};
		607FACD11AFB9204008FA782 /* Products */ = {
			isa = PBXGroup;
			children = (
				607FACD01AFB9204008FA782 /* InkExampleiOS.app */,
				545937151D9E9BC200644DCE /* InkExampleOSX.app */,
			);
			name = Products;
			sourceTree = "<group>";
		};
		607FACD21AFB9204008FA782 /* Example for iOS */ = {
			isa = PBXGroup;
			children = (
				607FACD51AFB9204008FA782 /* AppDelegate.swift */,
				54B30D7C1CE362DE00D16082 /* CanvasViewController.swift */,
				545937261D9EBCBB00644DCE /* GraphicsRenderer.swift */,
				607FACD91AFB9204008FA782 /* Main.storyboard */,
				607FACDC1AFB9204008FA782 /* Images.xcassets */,
				607FACDE1AFB9204008FA782 /* LaunchScreen.xib */,
				607FACD31AFB9204008FA782 /* Supporting Files */,
			);
			name = "Example for iOS";
			path = InkKit;
			sourceTree = "<group>";
		};
		607FACD31AFB9204008FA782 /* Supporting Files */ = {
			isa = PBXGroup;
			children = (
				607FACD41AFB9204008FA782 /* Info.plist */,
			);
			name = "Supporting Files";
			sourceTree = "<group>";
		};
		607FACF51AFB993E008FA782 /* Podspec Metadata */ = {
			isa = PBXGroup;
			children = (
				6878296401089BA6392A2B1B /* InkKit.podspec */,
				7EF9FE2564F8A73F0C561B78 /* LICENSE */,
				5B5F176F14E45D023ADB564A /* README.md */,
			);
			name = "Podspec Metadata";
			sourceTree = "<group>";
		};
		685B3B1F14216EB9BBE7F9A7 /* Frameworks */ = {
			isa = PBXGroup;
			children = (
				5428D6591CE5051B0082D815 /* InkKit.framework */,
				54C2D6BD1CB6B70100C49A6E /* InkKit.framework */,
				54C2D6BB1CB6B65200C49A6E /* InkKit.framework */,
				E8A04BA1805B9CBF5E9E58F4 /* Pods.framework */,
				454BB7743FB5CB1A9AD2D336 /* Pods_InkExampleiOS.framework */,
				42F0C75FAFAEF15CE7032002 /* Pods_InkExampleOSX.framework */,
			);
			name = Frameworks;
			sourceTree = "<group>";
		};
		79C771C89FD85D5A0B58EC47 /* Pods */ = {
			isa = PBXGroup;
			children = (
				60A160AD0BBBFDB36D082F7B /* Pods-InkExampleiOS.debug.xcconfig */,
				E8A46ABB7924EB947AB73797 /* Pods-InkExampleiOS.release.xcconfig */,
				0AB89947FBA728A182503111 /* Pods-InkExampleOSX.debug.xcconfig */,
				F2449DD6026240D4F69EC9B1 /* Pods-InkExampleOSX.release.xcconfig */,
			);
			name = Pods;
			sourceTree = "<group>";
		};
/* End PBXGroup section */

/* Begin PBXNativeTarget section */
		545937141D9E9BC200644DCE /* InkExampleOSX */ = {
			isa = PBXNativeTarget;
			buildConfigurationList = 545937211D9E9BC200644DCE /* Build configuration list for PBXNativeTarget "InkExampleOSX" */;
			buildPhases = (
				0D87C2E8ED98ABF3094097C6 /* [CP] Check Pods Manifest.lock */,
				545937111D9E9BC200644DCE /* Sources */,
				545937121D9E9BC200644DCE /* Frameworks */,
				545937131D9E9BC200644DCE /* Resources */,
				C899D6F1CB8C3C812CC0A121 /* [CP] Embed Pods Frameworks */,
				F16B835DEA4693A27347E52E /* [CP] Copy Pods Resources */,
			);
			buildRules = (
			);
			dependencies = (
			);
			name = InkExampleOSX;
			productName = InkExampleOSX;
			productReference = 545937151D9E9BC200644DCE /* InkExampleOSX.app */;
			productType = "com.apple.product-type.application";
		};
		607FACCF1AFB9204008FA782 /* InkExampleiOS */ = {
			isa = PBXNativeTarget;
			buildConfigurationList = 607FACEF1AFB9204008FA782 /* Build configuration list for PBXNativeTarget "InkExampleiOS" */;
			buildPhases = (
				D2913A34EE750C6EEF447B3F /* [CP] Check Pods Manifest.lock */,
				607FACCC1AFB9204008FA782 /* Sources */,
				607FACCD1AFB9204008FA782 /* Frameworks */,
				607FACCE1AFB9204008FA782 /* Resources */,
				83CFB902B05B6D46979C9A20 /* [CP] Embed Pods Frameworks */,
				FCC9CABEE915C87D1F57AB65 /* [CP] Copy Pods Resources */,
			);
			buildRules = (
			);
			dependencies = (
			);
			name = InkExampleiOS;
			productName = InkKit;
			productReference = 607FACD01AFB9204008FA782 /* InkExampleiOS.app */;
			productType = "com.apple.product-type.application";
		};
/* End PBXNativeTarget section */

/* Begin PBXProject section */
		607FACC81AFB9204008FA782 /* Project object */ = {
			isa = PBXProject;
			attributes = {
				LastSwiftUpdateCheck = 0810;
				LastUpgradeCheck = 0810;
				ORGANIZATIONNAME = CocoaPods;
				TargetAttributes = {
					545937141D9E9BC200644DCE = {
						CreatedOnToolsVersion = 8.1;
						DevelopmentTeam = V2CWYL9AN8;
						ProvisioningStyle = Automatic;
					};
					607FACCF1AFB9204008FA782 = {
						CreatedOnToolsVersion = 6.3.1;
						DevelopmentTeam = V2CWYL9AN8;
						DevelopmentTeamName = "Shahpour Mohsenin";
						LastSwiftMigration = 0800;
					};
				};
			};
			buildConfigurationList = 607FACCB1AFB9204008FA782 /* Build configuration list for PBXProject "InkKit" */;
			compatibilityVersion = "Xcode 3.2";
			developmentRegion = English;
			hasScannedForEncodings = 0;
			knownRegions = (
				en,
				Base,
			);
			mainGroup = 607FACC71AFB9204008FA782;
			productRefGroup = 607FACD11AFB9204008FA782 /* Products */;
			projectDirPath = "";
			projectRoot = "";
			targets = (
				607FACCF1AFB9204008FA782 /* InkExampleiOS */,
				545937141D9E9BC200644DCE /* InkExampleOSX */,
			);
		};
/* End PBXProject section */

/* Begin PBXResourcesBuildPhase section */
		545937131D9E9BC200644DCE /* Resources */ = {
			isa = PBXResourcesBuildPhase;
			buildActionMask = 2147483647;
			files = (
				5459371C1D9E9BC200644DCE /* Assets.xcassets in Resources */,
				5459371F1D9E9BC200644DCE /* Main.storyboard in Resources */,
			);
			runOnlyForDeploymentPostprocessing = 0;
		};
		607FACCE1AFB9204008FA782 /* Resources */ = {
			isa = PBXResourcesBuildPhase;
			buildActionMask = 2147483647;
			files = (
				607FACDB1AFB9204008FA782 /* Main.storyboard in Resources */,
				607FACE01AFB9204008FA782 /* LaunchScreen.xib in Resources */,
				607FACDD1AFB9204008FA782 /* Images.xcassets in Resources */,
			);
			runOnlyForDeploymentPostprocessing = 0;
		};
/* End PBXResourcesBuildPhase section */

/* Begin PBXShellScriptBuildPhase section */
		0D87C2E8ED98ABF3094097C6 /* [CP] Check Pods Manifest.lock */ = {
			isa = PBXShellScriptBuildPhase;
			buildActionMask = 2147483647;
			files = (
			);
			inputPaths = (
			);
			name = "[CP] Check Pods Manifest.lock";
			outputPaths = (
			);
			runOnlyForDeploymentPostprocessing = 0;
			shellPath = /bin/sh;
			shellScript = "diff \"${PODS_ROOT}/../Podfile.lock\" \"${PODS_ROOT}/Manifest.lock\" > /dev/null\nif [[ $? != 0 ]] ; then\n    cat << EOM\nerror: The sandbox is not in sync with the Podfile.lock. Run 'pod install' or update your CocoaPods installation.\nEOM\n    exit 1\nfi\n";
			showEnvVarsInLog = 0;
		};
		83CFB902B05B6D46979C9A20 /* [CP] Embed Pods Frameworks */ = {
			isa = PBXShellScriptBuildPhase;
			buildActionMask = 2147483647;
			files = (
			);
			inputPaths = (
			);
			name = "[CP] Embed Pods Frameworks";
			outputPaths = (
			);
			runOnlyForDeploymentPostprocessing = 0;
			shellPath = /bin/sh;
			shellScript = "\"${SRCROOT}/Pods/Target Support Files/Pods-InkExampleiOS/Pods-InkExampleiOS-frameworks.sh\"\n";
			showEnvVarsInLog = 0;
		};
		C899D6F1CB8C3C812CC0A121 /* [CP] Embed Pods Frameworks */ = {
			isa = PBXShellScriptBuildPhase;
			buildActionMask = 2147483647;
			files = (
			);
			inputPaths = (
			);
			name = "[CP] Embed Pods Frameworks";
			outputPaths = (
			);
			runOnlyForDeploymentPostprocessing = 0;
			shellPath = /bin/sh;
			shellScript = "\"${SRCROOT}/Pods/Target Support Files/Pods-InkExampleOSX/Pods-InkExampleOSX-frameworks.sh\"\n";
			showEnvVarsInLog = 0;
		};
		D2913A34EE750C6EEF447B3F /* [CP] Check Pods Manifest.lock */ = {
			isa = PBXShellScriptBuildPhase;
			buildActionMask = 2147483647;
			files = (
			);
			inputPaths = (
			);
			name = "[CP] Check Pods Manifest.lock";
			outputPaths = (
			);
			runOnlyForDeploymentPostprocessing = 0;
			shellPath = /bin/sh;
			shellScript = "diff \"${PODS_ROOT}/../Podfile.lock\" \"${PODS_ROOT}/Manifest.lock\" > /dev/null\nif [[ $? != 0 ]] ; then\n    cat << EOM\nerror: The sandbox is not in sync with the Podfile.lock. Run 'pod install' or update your CocoaPods installation.\nEOM\n    exit 1\nfi\n";
			showEnvVarsInLog = 0;
		};
		F16B835DEA4693A27347E52E /* [CP] Copy Pods Resources */ = {
			isa = PBXShellScriptBuildPhase;
			buildActionMask = 2147483647;
			files = (
			);
			inputPaths = (
			);
			name = "[CP] Copy Pods Resources";
			outputPaths = (
			);
			runOnlyForDeploymentPostprocessing = 0;
			shellPath = /bin/sh;
			shellScript = "\"${SRCROOT}/Pods/Target Support Files/Pods-InkExampleOSX/Pods-InkExampleOSX-resources.sh\"\n";
			showEnvVarsInLog = 0;
		};
		FCC9CABEE915C87D1F57AB65 /* [CP] Copy Pods Resources */ = {
			isa = PBXShellScriptBuildPhase;
			buildActionMask = 2147483647;
			files = (
			);
			inputPaths = (
			);
			name = "[CP] Copy Pods Resources";
			outputPaths = (
			);
			runOnlyForDeploymentPostprocessing = 0;
			shellPath = /bin/sh;
			shellScript = "\"${SRCROOT}/Pods/Target Support Files/Pods-InkExampleiOS/Pods-InkExampleiOS-resources.sh\"\n";
			showEnvVarsInLog = 0;
		};
/* End PBXShellScriptBuildPhase section */

/* Begin PBXSourcesBuildPhase section */
		545937111D9E9BC200644DCE /* Sources */ = {
			isa = PBXSourcesBuildPhase;
			buildActionMask = 2147483647;
			files = (
				5459371A1D9E9BC200644DCE /* ViewController.swift in Sources */,
				545937181D9E9BC200644DCE /* AppDelegate.swift in Sources */,
			);
			runOnlyForDeploymentPostprocessing = 0;
		};
		607FACCC1AFB9204008FA782 /* Sources */ = {
			isa = PBXSourcesBuildPhase;
			buildActionMask = 2147483647;
			files = (
				607FACD61AFB9204008FA782 /* AppDelegate.swift in Sources */,
				545937271D9EBCBB00644DCE /* GraphicsRenderer.swift in Sources */,
				54B30D7D1CE362DE00D16082 /* CanvasViewController.swift in Sources */,
				54D95B8C1D7480F8005AA315 /* Math.swift in Sources */,
			);
			runOnlyForDeploymentPostprocessing = 0;
		};
/* End PBXSourcesBuildPhase section */

/* Begin PBXVariantGroup section */
		5459371D1D9E9BC200644DCE /* Main.storyboard */ = {
			isa = PBXVariantGroup;
			children = (
				5459371E1D9E9BC200644DCE /* Base */,
			);
			name = Main.storyboard;
			sourceTree = "<group>";
		};
		607FACD91AFB9204008FA782 /* Main.storyboard */ = {
			isa = PBXVariantGroup;
			children = (
				607FACDA1AFB9204008FA782 /* Base */,
			);
			name = Main.storyboard;
			sourceTree = "<group>";
		};
		607FACDE1AFB9204008FA782 /* LaunchScreen.xib */ = {
			isa = PBXVariantGroup;
			children = (
				607FACDF1AFB9204008FA782 /* Base */,
			);
			name = LaunchScreen.xib;
			sourceTree = "<group>";
		};
/* End PBXVariantGroup section */

/* Begin XCBuildConfiguration section */
		545937221D9E9BC200644DCE /* Debug */ = {
			isa = XCBuildConfiguration;
			baseConfigurationReference = 0AB89947FBA728A182503111 /* Pods-InkExampleOSX.debug.xcconfig */;
			buildSettings = {
				ASSETCATALOG_COMPILER_APPICON_NAME = AppIcon;
				CLANG_ANALYZER_NONNULL = YES;
				CLANG_WARN_DOCUMENTATION_COMMENTS = YES;
				CLANG_WARN_SUSPICIOUS_MOVES = YES;
				CODE_SIGN_IDENTITY = "Mac Developer";
				COMBINE_HIDPI_IMAGES = YES;
				DEBUG_INFORMATION_FORMAT = dwarf;
				DEVELOPMENT_TEAM = V2CWYL9AN8;
				INFOPLIST_FILE = InkExampleOSX/Info.plist;
				LD_RUNPATH_SEARCH_PATHS = "$(inherited) @executable_path/../Frameworks";
				MACOSX_DEPLOYMENT_TARGET = 10.10;
				PRODUCT_BUNDLE_IDENTIFIER = uk.co.snippex.osx.InkExampleOSX;
				PRODUCT_NAME = "$(TARGET_NAME)";
				SDKROOT = macosx;
				SWIFT_ACTIVE_COMPILATION_CONDITIONS = DEBUG;
				SWIFT_VERSION = 3.0;
			};
			name = Debug;
		};
		545937231D9E9BC200644DCE /* Release */ = {
			isa = XCBuildConfiguration;
			baseConfigurationReference = F2449DD6026240D4F69EC9B1 /* Pods-InkExampleOSX.release.xcconfig */;
			buildSettings = {
				ASSETCATALOG_COMPILER_APPICON_NAME = AppIcon;
				CLANG_ANALYZER_NONNULL = YES;
				CLANG_WARN_DOCUMENTATION_COMMENTS = YES;
				CLANG_WARN_SUSPICIOUS_MOVES = YES;
				CODE_SIGN_IDENTITY = "Mac Developer";
				COMBINE_HIDPI_IMAGES = YES;
				DEVELOPMENT_TEAM = V2CWYL9AN8;
				INFOPLIST_FILE = InkExampleOSX/Info.plist;
				LD_RUNPATH_SEARCH_PATHS = "$(inherited) @executable_path/../Frameworks";
				MACOSX_DEPLOYMENT_TARGET = 10.10;
				PRODUCT_BUNDLE_IDENTIFIER = uk.co.snippex.osx.InkExampleOSX;
				PRODUCT_NAME = "$(TARGET_NAME)";
				SDKROOT = macosx;
				SWIFT_OPTIMIZATION_LEVEL = "-Owholemodule";
				SWIFT_VERSION = 3.0;
			};
			name = Release;
		};
		607FACED1AFB9204008FA782 /* Debug */ = {
			isa = XCBuildConfiguration;
			buildSettings = {
				ALWAYS_SEARCH_USER_PATHS = NO;
				CLANG_CXX_LANGUAGE_STANDARD = "gnu++0x";
				CLANG_CXX_LIBRARY = "libc++";
				CLANG_ENABLE_MODULES = YES;
				CLANG_ENABLE_OBJC_ARC = YES;
				CLANG_WARN_BOOL_CONVERSION = YES;
				CLANG_WARN_CONSTANT_CONVERSION = YES;
				CLANG_WARN_DIRECT_OBJC_ISA_USAGE = YES_ERROR;
				CLANG_WARN_EMPTY_BODY = YES;
				CLANG_WARN_ENUM_CONVERSION = YES;
				CLANG_WARN_INFINITE_RECURSION = YES;
				CLANG_WARN_INT_CONVERSION = YES;
				CLANG_WARN_OBJC_ROOT_CLASS = YES_ERROR;
				CLANG_WARN_SUSPICIOUS_MOVE = YES;
				CLANG_WARN_UNREACHABLE_CODE = YES;
				CLANG_WARN__DUPLICATE_METHOD_MATCH = YES;
				"CODE_SIGN_IDENTITY[sdk=iphoneos*]" = "iPhone Developer";
				COPY_PHASE_STRIP = NO;
				DEBUG_INFORMATION_FORMAT = "dwarf-with-dsym";
				ENABLE_STRICT_OBJC_MSGSEND = YES;
				ENABLE_TESTABILITY = YES;
				GCC_C_LANGUAGE_STANDARD = gnu99;
				GCC_DYNAMIC_NO_PIC = NO;
				GCC_NO_COMMON_BLOCKS = YES;
				GCC_OPTIMIZATION_LEVEL = 0;
				GCC_PREPROCESSOR_DEFINITIONS = (
					"DEBUG=1",
					"$(inherited)",
				);
				GCC_SYMBOLS_PRIVATE_EXTERN = NO;
				GCC_WARN_64_TO_32_BIT_CONVERSION = YES;
				GCC_WARN_ABOUT_RETURN_TYPE = YES_ERROR;
				GCC_WARN_UNDECLARED_SELECTOR = YES;
				GCC_WARN_UNINITIALIZED_AUTOS = YES_AGGRESSIVE;
				GCC_WARN_UNUSED_FUNCTION = YES;
				GCC_WARN_UNUSED_VARIABLE = YES;
				IPHONEOS_DEPLOYMENT_TARGET = 8.0;
				MTL_ENABLE_DEBUG_INFO = YES;
				ONLY_ACTIVE_ARCH = YES;
				SDKROOT = iphoneos;
				SWIFT_OPTIMIZATION_LEVEL = "-Onone";
			};
			name = Debug;
		};
		607FACEE1AFB9204008FA782 /* Release */ = {
			isa = XCBuildConfiguration;
			buildSettings = {
				ALWAYS_SEARCH_USER_PATHS = NO;
				CLANG_CXX_LANGUAGE_STANDARD = "gnu++0x";
				CLANG_CXX_LIBRARY = "libc++";
				CLANG_ENABLE_MODULES = YES;
				CLANG_ENABLE_OBJC_ARC = YES;
				CLANG_WARN_BOOL_CONVERSION = YES;
				CLANG_WARN_CONSTANT_CONVERSION = YES;
				CLANG_WARN_DIRECT_OBJC_ISA_USAGE = YES_ERROR;
				CLANG_WARN_EMPTY_BODY = YES;
				CLANG_WARN_ENUM_CONVERSION = YES;
				CLANG_WARN_INFINITE_RECURSION = YES;
				CLANG_WARN_INT_CONVERSION = YES;
				CLANG_WARN_OBJC_ROOT_CLASS = YES_ERROR;
				CLANG_WARN_SUSPICIOUS_MOVE = YES;
				CLANG_WARN_UNREACHABLE_CODE = YES;
				CLANG_WARN__DUPLICATE_METHOD_MATCH = YES;
				"CODE_SIGN_IDENTITY[sdk=iphoneos*]" = "iPhone Developer";
				COPY_PHASE_STRIP = NO;
				DEBUG_INFORMATION_FORMAT = "dwarf-with-dsym";
				ENABLE_NS_ASSERTIONS = NO;
				ENABLE_STRICT_OBJC_MSGSEND = YES;
				GCC_C_LANGUAGE_STANDARD = gnu99;
				GCC_NO_COMMON_BLOCKS = YES;
				GCC_WARN_64_TO_32_BIT_CONVERSION = YES;
				GCC_WARN_ABOUT_RETURN_TYPE = YES_ERROR;
				GCC_WARN_UNDECLARED_SELECTOR = YES;
				GCC_WARN_UNINITIALIZED_AUTOS = YES_AGGRESSIVE;
				GCC_WARN_UNUSED_FUNCTION = YES;
				GCC_WARN_UNUSED_VARIABLE = YES;
				IPHONEOS_DEPLOYMENT_TARGET = 8.0;
				MTL_ENABLE_DEBUG_INFO = NO;
				SDKROOT = iphoneos;
				VALIDATE_PRODUCT = YES;
			};
			name = Release;
		};
		607FACF01AFB9204008FA782 /* Debug */ = {
			isa = XCBuildConfiguration;
			baseConfigurationReference = 60A160AD0BBBFDB36D082F7B /* Pods-InkExampleiOS.debug.xcconfig */;
			buildSettings = {
				ALWAYS_EMBED_SWIFT_STANDARD_LIBRARIES = YES;
				ASSETCATALOG_COMPILER_APPICON_NAME = AppIcon;
				INFOPLIST_FILE = InkKit/Info.plist;
				IPHONEOS_DEPLOYMENT_TARGET = 10.0;
				LD_RUNPATH_SEARCH_PATHS = "$(inherited) @executable_path/Frameworks";
				MODULE_NAME = ExampleApp;
				PRODUCT_BUNDLE_IDENTIFIER = "uk.co.snippex.ios.$(PRODUCT_NAME:rfc1034identifier).demo";
				PRODUCT_NAME = "$(TARGET_NAME)";
				SWIFT_VERSION = 3.0;
			};
			name = Debug;
		};
		607FACF11AFB9204008FA782 /* Release */ = {
			isa = XCBuildConfiguration;
			baseConfigurationReference = E8A46ABB7924EB947AB73797 /* Pods-InkExampleiOS.release.xcconfig */;
			buildSettings = {
				ALWAYS_EMBED_SWIFT_STANDARD_LIBRARIES = YES;
				ASSETCATALOG_COMPILER_APPICON_NAME = AppIcon;
				INFOPLIST_FILE = InkKit/Info.plist;
				IPHONEOS_DEPLOYMENT_TARGET = 10.0;
				LD_RUNPATH_SEARCH_PATHS = "$(inherited) @executable_path/Frameworks";
				MODULE_NAME = ExampleApp;
				PRODUCT_BUNDLE_IDENTIFIER = "uk.co.snippex.ios.$(PRODUCT_NAME:rfc1034identifier).demo";
				PRODUCT_NAME = "$(TARGET_NAME)";
				SWIFT_OPTIMIZATION_LEVEL = "-Owholemodule";
				SWIFT_VERSION = 3.0;
			};
			name = Release;
		};
/* End XCBuildConfiguration section */

/* Begin XCConfigurationList section */
		545937211D9E9BC200644DCE /* Build configuration list for PBXNativeTarget "InkExampleOSX" */ = {
			isa = XCConfigurationList;
			buildConfigurations = (
				545937221D9E9BC200644DCE /* Debug */,
				545937231D9E9BC200644DCE /* Release */,
			);
			defaultConfigurationIsVisible = 0;
			defaultConfigurationName = Release;
		};
		607FACCB1AFB9204008FA782 /* Build configuration list for PBXProject "InkKit" */ = {
			isa = XCConfigurationList;
			buildConfigurations = (
				607FACED1AFB9204008FA782 /* Debug */,
				607FACEE1AFB9204008FA782 /* Release */,
			);
			defaultConfigurationIsVisible = 0;
			defaultConfigurationName = Release;
		};
		607FACEF1AFB9204008FA782 /* Build configuration list for PBXNativeTarget "InkExampleiOS" */ = {
			isa = XCConfigurationList;
			buildConfigurations = (
				607FACF01AFB9204008FA782 /* Debug */,
				607FACF11AFB9204008FA782 /* Release */,
			);
			defaultConfigurationIsVisible = 0;
			defaultConfigurationName = Release;
		};
/* End XCConfigurationList section */
	};
	rootObject = 607FACC81AFB9204008FA782 /* Project object */;
}
